
Microsoft Visual Studio Solution File, Format Version 12.00
# Visual Studio 14
VisualStudioVersion = 14.0.23107.0
MinimumVisualStudioVersion = 10.0.40219.1
Project("{FAE04EC0-301F-11D3-BF4B-00C04F79EFBC}") = "FizzBuzz.Console", "FizzBuzz.Console\FizzBuzz.Console.csproj", "{314CCC5D-B566-460E-9394-EA7245F32A9A}"
EndProject
Project("{FAE04EC0-301F-11D3-BF4B-00C04F79EFBC}") = "FizzBuzz.Tests", "FizzBuzz.Tests\FizzBuzz.Tests.csproj", "{E8DBDD9E-2708-4178-ADB2-8B044115B09E}"
EndProject
Project("{2150E333-8FDC-42A3-9474-1A3956D46DE8}") = "Solution Items", "Solution Items", "{731D7333-79DF-48DA-83CD-8E8DF6C37EAE}"
	ProjectSection(SolutionItems) = preProject
		FizzBuzz.build = FizzBuzz.build
	EndProjectSection
EndProject
Global
	GlobalSection(SolutionConfigurationPlatforms) = preSolution
		Debug|Any CPU = Debug|Any CPU
		Release|Any CPU = Release|Any CPU
	EndGlobalSection
	GlobalSection(ProjectConfigurationPlatforms) = postSolution
		{314CCC5D-B566-460E-9394-EA7245F32A9A}.Debug|Any CPU.ActiveCfg = Debug|Any CPU
		{314CCC5D-B566-460E-9394-EA7245F32A9A}.Debug|Any CPU.Build.0 = Debug|Any CPU
		{314CCC5D-B566-460E-9394-EA7245F32A9A}.Release|Any CPU.ActiveCfg = Release|Any CPU
		{314CCC5D-B566-460E-9394-EA7245F32A9A}.Release|Any CPU.Build.0 = Release|Any CPU
		{E8DBDD9E-2708-4178-ADB2-8B044115B09E}.Debug|Any CPU.ActiveCfg = Debug|Any CPU
		{E8DBDD9E-2708-4178-ADB2-8B044115B09E}.Debug|Any CPU.Build.0 = Debug|Any CPU
		{E8DBDD9E-2708-4178-ADB2-8B044115B09E}.Release|Any CPU.ActiveCfg = Release|Any CPU
		{E8DBDD9E-2708-4178-ADB2-8B044115B09E}.Release|Any CPU.Build.0 = Release|Any CPU
	EndGlobalSection
	GlobalSection(SolutionProperties) = preSolution
		HideSolutionNode = FALSE
	EndGlobalSection
EndGlobal
